
Microsoft Visual Studio Solution File, Format Version 12.00
# Visual Studio Version 17
VisualStudioVersion = 17.2.32616.157
MinimumVisualStudioVersion = 10.0.40219.1
Project("{9A19103F-16F7-4668-BE54-9A1E7A4F7556}") = "Class1_CoderHouse", "CoderHouse\Class1_CoderHouse.csproj", "{348FFAE1-8F0B-4E17-9B2D-94931EC3DBEC}"
EndProject
Project("{9A19103F-16F7-4668-BE54-9A1E7A4F7556}") = "Class1_CoderHouse_Net6", "CoderHouse_Net6\Class1_CoderHouse_Net6.csproj", "{C522EC9F-BC50-43A5-BF06-DF5A04331065}"
EndProject
Project("{9A19103F-16F7-4668-BE54-9A1E7A4F7556}") = "Class2_DesafioEdgarMartinez", "Desafio1EdgarMartinez\Class2_DesafioEdgarMartinez.csproj", "{307D3826-799B-4601-92CE-8D98F39766FB}"
EndProject
Project("{9A19103F-16F7-4668-BE54-9A1E7A4F7556}") = "Class2_ValidarAccesoCoderHouse", "ValidarAccesoCoderHouse\Class2_ValidarAccesoCoderHouse.csproj", "{8A5C7268-6C42-4B5E-B6A1-490510ED8EE9}"
EndProject
Project("{9A19103F-16F7-4668-BE54-9A1E7A4F7556}") = "Class3_PasswordProject", "PasswordProject\Class3_PasswordProject.csproj", "{E4F35E4C-F8CE-435A-90DC-DE5F93AF7E9F}"
EndProject
Project("{9A19103F-16F7-4668-BE54-9A1E7A4F7556}") = "Class4_JuancitoProject", "Class4_JuancitoProject\Class4_JuancitoProject.csproj", "{C2085030-94F5-40B2-9C26-C45C0273C901}"
EndProject
Project("{9A19103F-16F7-4668-BE54-9A1E7A4F7556}") = "Class4_ValidarAcceso_Recargado", "Class4_ValidarAcceso_Recargado\Class4_ValidarAcceso_Recargado.csproj", "{A6700F77-DC6C-48D1-AD5B-AE26DED54FA8}"
EndProject
Project("{9A19103F-16F7-4668-BE54-9A1E7A4F7556}") = "Class4_AplicacionDeVenta", "Class4_AplicacionDeVenta\Class4_AplicacionDeVenta.csproj", "{1DB205F4-2578-48AC-BB77-B94580F7986F}"
EndProject
Project("{FAE04EC0-301F-11D3-BF4B-00C04F79EFBC}") = "AfterClass1_KioskoExercise", "AfterClass1_KioskoExercise\AfterClass1_KioskoExercise.csproj", "{7E9A7706-F9B8-4B32-B76D-F9C91453FDFF}"
EndProject
Global
	GlobalSection(SolutionConfigurationPlatforms) = preSolution
		Debug|Any CPU = Debug|Any CPU
		Release|Any CPU = Release|Any CPU
	EndGlobalSection
	GlobalSection(ProjectConfigurationPlatforms) = postSolution
		{348FFAE1-8F0B-4E17-9B2D-94931EC3DBEC}.Debug|Any CPU.ActiveCfg = Debug|Any CPU
		{348FFAE1-8F0B-4E17-9B2D-94931EC3DBEC}.Debug|Any CPU.Build.0 = Debug|Any CPU
		{348FFAE1-8F0B-4E17-9B2D-94931EC3DBEC}.Release|Any CPU.ActiveCfg = Release|Any CPU
		{348FFAE1-8F0B-4E17-9B2D-94931EC3DBEC}.Release|Any CPU.Build.0 = Release|Any CPU
		{C522EC9F-BC50-43A5-BF06-DF5A04331065}.Debug|Any CPU.ActiveCfg = Debug|Any CPU
		{C522EC9F-BC50-43A5-BF06-DF5A04331065}.Debug|Any CPU.Build.0 = Debug|Any CPU
		{C522EC9F-BC50-43A5-BF06-DF5A04331065}.Release|Any CPU.ActiveCfg = Release|Any CPU
		{C522EC9F-BC50-43A5-BF06-DF5A04331065}.Release|Any CPU.Build.0 = Release|Any CPU
		{307D3826-799B-4601-92CE-8D98F39766FB}.Debug|Any CPU.ActiveCfg = Debug|Any CPU
		{307D3826-799B-4601-92CE-8D98F39766FB}.Debug|Any CPU.Build.0 = Debug|Any CPU
		{307D3826-799B-4601-92CE-8D98F39766FB}.Release|Any CPU.ActiveCfg = Release|Any CPU
		{307D3826-799B-4601-92CE-8D98F39766FB}.Release|Any CPU.Build.0 = Release|Any CPU
		{8A5C7268-6C42-4B5E-B6A1-490510ED8EE9}.Debug|Any CPU.ActiveCfg = Debug|Any CPU
		{8A5C7268-6C42-4B5E-B6A1-490510ED8EE9}.Debug|Any CPU.Build.0 = Debug|Any CPU
		{8A5C7268-6C42-4B5E-B6A1-490510ED8EE9}.Release|Any CPU.ActiveCfg = Release|Any CPU
		{8A5C7268-6C42-4B5E-B6A1-490510ED8EE9}.Release|Any CPU.Build.0 = Release|Any CPU
		{E4F35E4C-F8CE-435A-90DC-DE5F93AF7E9F}.Debug|Any CPU.ActiveCfg = Debug|Any CPU
		{E4F35E4C-F8CE-435A-90DC-DE5F93AF7E9F}.Debug|Any CPU.Build.0 = Debug|Any CPU
		{E4F35E4C-F8CE-435A-90DC-DE5F93AF7E9F}.Release|Any CPU.ActiveCfg = Release|Any CPU
		{E4F35E4C-F8CE-435A-90DC-DE5F93AF7E9F}.Release|Any CPU.Build.0 = Release|Any CPU
		{C2085030-94F5-40B2-9C26-C45C0273C901}.Debug|Any CPU.ActiveCfg = Debug|Any CPU
		{C2085030-94F5-40B2-9C26-C45C0273C901}.Debug|Any CPU.Build.0 = Debug|Any CPU
		{C2085030-94F5-40B2-9C26-C45C0273C901}.Release|Any CPU.ActiveCfg = Release|Any CPU
		{C2085030-94F5-40B2-9C26-C45C0273C901}.Release|Any CPU.Build.0 = Release|Any CPU
		{A6700F77-DC6C-48D1-AD5B-AE26DED54FA8}.Debug|Any CPU.ActiveCfg = Debug|Any CPU
		{A6700F77-DC6C-48D1-AD5B-AE26DED54FA8}.Debug|Any CPU.Build.0 = Debug|Any CPU
		{A6700F77-DC6C-48D1-AD5B-AE26DED54FA8}.Release|Any CPU.ActiveCfg = Release|Any CPU
		{A6700F77-DC6C-48D1-AD5B-AE26DED54FA8}.Release|Any CPU.Build.0 = Release|Any CPU
		{1DB205F4-2578-48AC-BB77-B94580F7986F}.Debug|Any CPU.ActiveCfg = Debug|Any CPU
		{1DB205F4-2578-48AC-BB77-B94580F7986F}.Debug|Any CPU.Build.0 = Debug|Any CPU
		{1DB205F4-2578-48AC-BB77-B94580F7986F}.Release|Any CPU.ActiveCfg = Release|Any CPU
		{1DB205F4-2578-48AC-BB77-B94580F7986F}.Release|Any CPU.Build.0 = Release|Any CPU
		{7E9A7706-F9B8-4B32-B76D-F9C91453FDFF}.Debug|Any CPU.ActiveCfg = Debug|Any CPU
		{7E9A7706-F9B8-4B32-B76D-F9C91453FDFF}.Debug|Any CPU.Build.0 = Debug|Any CPU
		{7E9A7706-F9B8-4B32-B76D-F9C91453FDFF}.Release|Any CPU.ActiveCfg = Release|Any CPU
		{7E9A7706-F9B8-4B32-B76D-F9C91453FDFF}.Release|Any CPU.Build.0 = Release|Any CPU
	EndGlobalSection
	GlobalSection(SolutionProperties) = preSolution
		HideSolutionNode = FALSE
	EndGlobalSection
	GlobalSection(ExtensibilityGlobals) = postSolution
		SolutionGuid = {9388F057-CE94-4C92-8662-D1E0B0C22AEC}
	EndGlobalSection
EndGlobal
